
Microsoft Visual Studio Solution File, Format Version 12.00
# Visual Studio Version 17
VisualStudioVersion = 17.7.34221.43
MinimumVisualStudioVersion = 10.0.40219.1
Project("{FAE04EC0-301F-11D3-BF4B-00C04F79EFBC}") = "Idade_Nadador", "Idade_Nadador\Idade_Nadador.csproj", "{5468A56D-FC86-40AF-A35C-31D97837891E}"
EndProject
Global
	GlobalSection(SolutionConfigurationPlatforms) = preSolution
		Debug|Any CPU = Debug|Any CPU
		Release|Any CPU = Release|Any CPU
	EndGlobalSection
	GlobalSection(ProjectConfigurationPlatforms) = postSolution
		{5468A56D-FC86-40AF-A35C-31D97837891E}.Debug|Any CPU.ActiveCfg = Debug|Any CPU
		{5468A56D-FC86-40AF-A35C-31D97837891E}.Debug|Any CPU.Build.0 = Debug|Any CPU
		{5468A56D-FC86-40AF-A35C-31D97837891E}.Release|Any CPU.ActiveCfg = Release|Any CPU
		{5468A56D-FC86-40AF-A35C-31D97837891E}.Release|Any CPU.Build.0 = Release|Any CPU
	EndGlobalSection
	GlobalSection(SolutionProperties) = preSolution
		HideSolutionNode = FALSE
	EndGlobalSection
	GlobalSection(ExtensibilityGlobals) = postSolution
		SolutionGuid = {F6729B88-A366-43AA-8686-04A7E5FBD660}
	EndGlobalSection
EndGlobal
